
Microsoft Visual Studio Solution File, Format Version 11.00
# Visual Studio 2010
Project("{FAE04EC0-301F-11D3-BF4B-00C04F79EFBC}") = "Digiphoto.Lumen.Core", "Digiphoto.Lumen.Core\Digiphoto.Lumen.Core.csproj", "{34477397-B3B8-4DD1-8418-D7E9EED4D006}"
EndProject
Project("{2150E333-8FDC-42A3-9474-1A3956D46DE8}") = "Solution Items", "Solution Items", "{32CE8606-F9DB-44D9-85C0-DD3BD21DBB9D}"
	ProjectSection(SolutionItems) = preProject
		Local.testsettings = Local.testsettings
		Lumen.vsmdi = Lumen.vsmdi
		doc\Lumen_analisi_funzionale.odt = doc\Lumen_analisi_funzionale.odt
		TraceAndTestImpact.testsettings = TraceAndTestImpact.testsettings
	EndProjectSection
EndProject
Project("{FAE04EC0-301F-11D3-BF4B-00C04F79EFBC}") = "Digiphoto.Lumen.Cli", "Digiphoto.Lumen.CLI\Digiphoto.Lumen.Cli.csproj", "{A54D45CF-018D-4FEB-8827-E276FB831930}"
EndProject
Project("{FAE04EC0-301F-11D3-BF4B-00C04F79EFBC}") = "Digiphoto.Lumen.Core.NunitTest", "Digiphoto.Lumen.Core.NunitTest\Digiphoto.Lumen.Core.NunitTest.csproj", "{5528BA96-B4DE-4FCE-9108-738905EA7BA3}"
EndProject
Project("{FAE04EC0-301F-11D3-BF4B-00C04F79EFBC}") = "Digiphoto.Lumen.Core.VsTest", "Digiphoto.Lumen.Core.VsTest\Digiphoto.Lumen.Core.VsTest.csproj", "{3A41B97C-FEEA-48F7-ADE4-F65BDE6A6C7B}"
EndProject
Project("{FAE04EC0-301F-11D3-BF4B-00C04F79EFBC}") = "Digiphoto.Lumen.Imaging.Nativa", "Digiphoto.Lumen.Imaging\Digiphoto.Lumen.Imaging.Nativa.csproj", "{C2E9E83A-2D6A-4CB5-B0B2-BC5931E58B94}"
EndProject
Project("{FAE04EC0-301F-11D3-BF4B-00C04F79EFBC}") = "Digiphoto.Lumen.Model", "Digiphoto.Lumen.Model\Digiphoto.Lumen.Model.csproj", "{83D8301E-7999-4179-962C-1BFA507F5396}"
EndProject
Project("{FAE04EC0-301F-11D3-BF4B-00C04F79EFBC}") = "Digiphoto.Lumen.UtilitaUI", "..\DigiPhoto-Lumen\Digiphoto.Lumen.UtilitaUI\Digiphoto.Lumen.UtilitaUI.csproj", "{3793F811-5D5B-4673-9A6E-ABE6A0553495}"
EndProject
Global
	GlobalSection(TestCaseManagementSettings) = postSolution
		CategoryFile = Lumen.vsmdi
	EndGlobalSection
	GlobalSection(SolutionConfigurationPlatforms) = preSolution
		Debug|Any CPU = Debug|Any CPU
		Debug|Mixed Platforms = Debug|Mixed Platforms
		Debug|x86 = Debug|x86
		Release|Any CPU = Release|Any CPU
		Release|Mixed Platforms = Release|Mixed Platforms
		Release|x86 = Release|x86
	EndGlobalSection
	GlobalSection(ProjectConfigurationPlatforms) = postSolution
		{34477397-B3B8-4DD1-8418-D7E9EED4D006}.Debug|Any CPU.ActiveCfg = Debug|Any CPU
		{34477397-B3B8-4DD1-8418-D7E9EED4D006}.Debug|Any CPU.Build.0 = Debug|Any CPU
		{34477397-B3B8-4DD1-8418-D7E9EED4D006}.Debug|Mixed Platforms.ActiveCfg = Debug|Any CPU
		{34477397-B3B8-4DD1-8418-D7E9EED4D006}.Debug|Mixed Platforms.Build.0 = Debug|Any CPU
		{34477397-B3B8-4DD1-8418-D7E9EED4D006}.Debug|x86.ActiveCfg = Debug|Any CPU
		{34477397-B3B8-4DD1-8418-D7E9EED4D006}.Release|Any CPU.ActiveCfg = Release|Any CPU
		{34477397-B3B8-4DD1-8418-D7E9EED4D006}.Release|Any CPU.Build.0 = Release|Any CPU
		{34477397-B3B8-4DD1-8418-D7E9EED4D006}.Release|Mixed Platforms.ActiveCfg = Release|Any CPU
		{34477397-B3B8-4DD1-8418-D7E9EED4D006}.Release|Mixed Platforms.Build.0 = Release|Any CPU
		{34477397-B3B8-4DD1-8418-D7E9EED4D006}.Release|x86.ActiveCfg = Release|Any CPU
		{A54D45CF-018D-4FEB-8827-E276FB831930}.Debug|Any CPU.ActiveCfg = Debug|x86
		{A54D45CF-018D-4FEB-8827-E276FB831930}.Debug|Mixed Platforms.ActiveCfg = Debug|x86
		{A54D45CF-018D-4FEB-8827-E276FB831930}.Debug|Mixed Platforms.Build.0 = Debug|x86
		{A54D45CF-018D-4FEB-8827-E276FB831930}.Debug|x86.ActiveCfg = Debug|x86
		{A54D45CF-018D-4FEB-8827-E276FB831930}.Debug|x86.Build.0 = Debug|x86
		{A54D45CF-018D-4FEB-8827-E276FB831930}.Release|Any CPU.ActiveCfg = Release|x86
		{A54D45CF-018D-4FEB-8827-E276FB831930}.Release|Mixed Platforms.ActiveCfg = Release|x86
		{A54D45CF-018D-4FEB-8827-E276FB831930}.Release|Mixed Platforms.Build.0 = Release|x86
		{A54D45CF-018D-4FEB-8827-E276FB831930}.Release|x86.ActiveCfg = Release|x86
		{A54D45CF-018D-4FEB-8827-E276FB831930}.Release|x86.Build.0 = Release|x86
		{5528BA96-B4DE-4FCE-9108-738905EA7BA3}.Debug|Any CPU.ActiveCfg = Debug|Any CPU
		{5528BA96-B4DE-4FCE-9108-738905EA7BA3}.Debug|Any CPU.Build.0 = Debug|Any CPU
		{5528BA96-B4DE-4FCE-9108-738905EA7BA3}.Debug|Mixed Platforms.ActiveCfg = Debug|Any CPU
		{5528BA96-B4DE-4FCE-9108-738905EA7BA3}.Debug|Mixed Platforms.Build.0 = Debug|Any CPU
		{5528BA96-B4DE-4FCE-9108-738905EA7BA3}.Debug|x86.ActiveCfg = Debug|Any CPU
		{5528BA96-B4DE-4FCE-9108-738905EA7BA3}.Release|Any CPU.ActiveCfg = Release|Any CPU
		{5528BA96-B4DE-4FCE-9108-738905EA7BA3}.Release|Any CPU.Build.0 = Release|Any CPU
		{5528BA96-B4DE-4FCE-9108-738905EA7BA3}.Release|Mixed Platforms.ActiveCfg = Release|Any CPU
		{5528BA96-B4DE-4FCE-9108-738905EA7BA3}.Release|Mixed Platforms.Build.0 = Release|Any CPU
		{5528BA96-B4DE-4FCE-9108-738905EA7BA3}.Release|x86.ActiveCfg = Release|Any CPU
		{3A41B97C-FEEA-48F7-ADE4-F65BDE6A6C7B}.Debug|Any CPU.ActiveCfg = Debug|Any CPU
		{3A41B97C-FEEA-48F7-ADE4-F65BDE6A6C7B}.Debug|Any CPU.Build.0 = Debug|Any CPU
		{3A41B97C-FEEA-48F7-ADE4-F65BDE6A6C7B}.Debug|Mixed Platforms.ActiveCfg = Debug|Any CPU
		{3A41B97C-FEEA-48F7-ADE4-F65BDE6A6C7B}.Debug|Mixed Platforms.Build.0 = Debug|Any CPU
		{3A41B97C-FEEA-48F7-ADE4-F65BDE6A6C7B}.Debug|x86.ActiveCfg = Debug|Any CPU
		{3A41B97C-FEEA-48F7-ADE4-F65BDE6A6C7B}.Release|Any CPU.ActiveCfg = Release|Any CPU
		{3A41B97C-FEEA-48F7-ADE4-F65BDE6A6C7B}.Release|Any CPU.Build.0 = Release|Any CPU
		{3A41B97C-FEEA-48F7-ADE4-F65BDE6A6C7B}.Release|Mixed Platforms.ActiveCfg = Release|Any CPU
		{3A41B97C-FEEA-48F7-ADE4-F65BDE6A6C7B}.Release|Mixed Platforms.Build.0 = Release|Any CPU
		{3A41B97C-FEEA-48F7-ADE4-F65BDE6A6C7B}.Release|x86.ActiveCfg = Release|Any CPU
		{C2E9E83A-2D6A-4CB5-B0B2-BC5931E58B94}.Debug|Any CPU.ActiveCfg = Debug|Any CPU
		{C2E9E83A-2D6A-4CB5-B0B2-BC5931E58B94}.Debug|Any CPU.Build.0 = Debug|Any CPU
		{C2E9E83A-2D6A-4CB5-B0B2-BC5931E58B94}.Debug|Mixed Platforms.ActiveCfg = Debug|Any CPU
		{C2E9E83A-2D6A-4CB5-B0B2-BC5931E58B94}.Debug|Mixed Platforms.Build.0 = Debug|Any CPU
		{C2E9E83A-2D6A-4CB5-B0B2-BC5931E58B94}.Debug|x86.ActiveCfg = Debug|Any CPU
		{C2E9E83A-2D6A-4CB5-B0B2-BC5931E58B94}.Release|Any CPU.ActiveCfg = Release|Any CPU
		{C2E9E83A-2D6A-4CB5-B0B2-BC5931E58B94}.Release|Any CPU.Build.0 = Release|Any CPU
		{C2E9E83A-2D6A-4CB5-B0B2-BC5931E58B94}.Release|Mixed Platforms.ActiveCfg = Release|Any CPU
		{C2E9E83A-2D6A-4CB5-B0B2-BC5931E58B94}.Release|Mixed Platforms.Build.0 = Release|Any CPU
		{C2E9E83A-2D6A-4CB5-B0B2-BC5931E58B94}.Release|x86.ActiveCfg = Release|Any CPU
		{83D8301E-7999-4179-962C-1BFA507F5396}.Debug|Any CPU.ActiveCfg = Debug|Any CPU
		{83D8301E-7999-4179-962C-1BFA507F5396}.Debug|Any CPU.Build.0 = Debug|Any CPU
		{83D8301E-7999-4179-962C-1BFA507F5396}.Debug|Mixed Platforms.ActiveCfg = Debug|Any CPU
		{83D8301E-7999-4179-962C-1BFA507F5396}.Debug|Mixed Platforms.Build.0 = Debug|Any CPU
		{83D8301E-7999-4179-962C-1BFA507F5396}.Debug|x86.ActiveCfg = Debug|Any CPU
		{83D8301E-7999-4179-962C-1BFA507F5396}.Release|Any CPU.ActiveCfg = Release|Any CPU
		{83D8301E-7999-4179-962C-1BFA507F5396}.Release|Any CPU.Build.0 = Release|Any CPU
		{83D8301E-7999-4179-962C-1BFA507F5396}.Release|Mixed Platforms.ActiveCfg = Release|Any CPU
		{83D8301E-7999-4179-962C-1BFA507F5396}.Release|Mixed Platforms.Build.0 = Release|Any CPU
		{83D8301E-7999-4179-962C-1BFA507F5396}.Release|x86.ActiveCfg = Release|Any CPU
		{3793F811-5D5B-4673-9A6E-ABE6A0553495}.Debug|Any CPU.ActiveCfg = Debug|x86
		{3793F811-5D5B-4673-9A6E-ABE6A0553495}.Debug|Mixed Platforms.ActiveCfg = Debug|x86
		{3793F811-5D5B-4673-9A6E-ABE6A0553495}.Debug|Mixed Platforms.Build.0 = Debug|x86
		{3793F811-5D5B-4673-9A6E-ABE6A0553495}.Debug|x86.ActiveCfg = Debug|x86
		{3793F811-5D5B-4673-9A6E-ABE6A0553495}.Debug|x86.Build.0 = Debug|x86
		{3793F811-5D5B-4673-9A6E-ABE6A0553495}.Release|Any CPU.ActiveCfg = Release|x86
		{3793F811-5D5B-4673-9A6E-ABE6A0553495}.Release|Mixed Platforms.ActiveCfg = Release|x86
		{3793F811-5D5B-4673-9A6E-ABE6A0553495}.Release|Mixed Platforms.Build.0 = Release|x86
		{3793F811-5D5B-4673-9A6E-ABE6A0553495}.Release|x86.ActiveCfg = Release|x86
		{3793F811-5D5B-4673-9A6E-ABE6A0553495}.Release|x86.Build.0 = Release|x86
	EndGlobalSection
	GlobalSection(SolutionProperties) = preSolution
		HideSolutionNode = FALSE
	EndGlobalSection
EndGlobal
