
Microsoft Visual Studio Solution File, Format Version 12.00
# Visual Studio 15
VisualStudioVersion = 15.0.27130.2010
MinimumVisualStudioVersion = 10.0.40219.1
Project("{2150E333-8FDC-42A3-9474-1A3956D46DE8}") = "Solution Items", "Solution Items", "{32CE8606-F9DB-44D9-85C0-DD3BD21DBB9D}"
	ProjectSection(SolutionItems) = preProject
		Attivita_da_mettere_a_lavori.txt = Attivita_da_mettere_a_lavori.txt
		doc\CHANGES.txt = doc\CHANGES.txt
		Dubbi-da-analizzare.txt = Dubbi-da-analizzare.txt
		Local.testsettings = Local.testsettings
		Lumen.vsmdi = Lumen.vsmdi
		doc\Lumen_analisi_funzionale.odt = doc\Lumen_analisi_funzionale.odt
		Performance1.psess = Performance1.psess
		TraceAndTestImpact.testsettings = TraceAndTestImpact.testsettings
	EndProjectSection
EndProject
Project("{2150E333-8FDC-42A3-9474-1A3956D46DE8}") = ".nuget", ".nuget", "{AAEB44E2-657C-49F3-8628-39CBB0726CED}"
	ProjectSection(SolutionItems) = preProject
		.nuget\NuGet.exe = .nuget\NuGet.exe
		.nuget\NuGet.targets = .nuget\NuGet.targets
	EndProjectSection
EndProject
Project("{FAE04EC0-301F-11D3-BF4B-00C04F79EFBC}") = "Digiphoto.Lumen.Core", "Digiphoto.Lumen.Core\Digiphoto.Lumen.Core.csproj", "{34477397-B3B8-4DD1-8418-D7E9EED4D006}"
EndProject
Project("{FAE04EC0-301F-11D3-BF4B-00C04F79EFBC}") = "Digiphoto.Lumen.Model", "Digiphoto.Lumen.Model\Digiphoto.Lumen.Model.csproj", "{83D8301E-7999-4179-962C-1BFA507F5396}"
EndProject
Project("{FAE04EC0-301F-11D3-BF4B-00C04F79EFBC}") = "Digiphoto.Lumen.GestoreConfigurazione.UI", "Digiphoto.Lumen.GestoreConfigurazione.UI\Digiphoto.Lumen.GestoreConfigurazione.UI.csproj", "{731A5262-29DE-4F73-8F25-4AFA78089902}"
EndProject
Project("{FAE04EC0-301F-11D3-BF4B-00C04F79EFBC}") = "Digiphoto.Lumen.UI", "Digiphoto.Lumen.UI\Digiphoto.Lumen.UI.csproj", "{729E44CF-7A81-4CE1-8263-3F618D548678}"
EndProject
Project("{FAE04EC0-301F-11D3-BF4B-00C04F79EFBC}") = "Digiphoto.Lumen.Imaging.Wic", "Digiphoto.Lumen.Imaging.Wic\Digiphoto.Lumen.Imaging.Wic.csproj", "{3EC29A25-FD9D-4593-BA20-60A9F7917E50}"
EndProject
Project("{FAE04EC0-301F-11D3-BF4B-00C04F79EFBC}") = "Digiphoto.Lumen.Core.Test", "Digiphoto.Lumen.Core.Test\Digiphoto.Lumen.Core.Test.csproj", "{64346397-C42E-4E50-A927-2DEAEC82B073}"
EndProject
Project("{FAE04EC0-301F-11D3-BF4B-00C04F79EFBC}") = "Digiphoto.Lumen.SelfService", "Digiphoto.Lumen.SelfService\Digiphoto.Lumen.SelfService.csproj", "{041DB5F1-C9BB-4152-BD4F-6FC23BFB4B38}"
EndProject
Project("{FAE04EC0-301F-11D3-BF4B-00C04F79EFBC}") = "Digiphoto.Lumen.SelfService.HostConsole", "Digiphoto.Lumen.SelfService.HostConsole\Digiphoto.Lumen.SelfService.HostConsole.csproj", "{2C41FA59-6C97-48A2-A5EF-BBE711B92456}"
	ProjectSection(ProjectDependencies) = postProject
		{041DB5F1-C9BB-4152-BD4F-6FC23BFB4B38} = {041DB5F1-C9BB-4152-BD4F-6FC23BFB4B38}
	EndProjectSection
EndProject
Project("{FAE04EC0-301F-11D3-BF4B-00C04F79EFBC}") = "Digiphoto.Lumen.SelfService.MobileUI", "Digiphoto.Lumen.SelfService.MobileUI\Digiphoto.Lumen.SelfService.MobileUI.csproj", "{1A69FF97-734B-4BFF-9ED0-926362C1C48B}"
	ProjectSection(ProjectDependencies) = postProject
		{041DB5F1-C9BB-4152-BD4F-6FC23BFB4B38} = {041DB5F1-C9BB-4152-BD4F-6FC23BFB4B38}
	EndProjectSection
EndProject
Project("{FAE04EC0-301F-11D3-BF4B-00C04F79EFBC}") = "Digiphoto.Lumen.PresentationFramework", "Digiphoto.Lumen.PresentationFramework\Digiphoto.Lumen.PresentationFramework.csproj", "{8803E78F-A9AD-479C-9316-463E7218334D}"
EndProject
Project("{FAE04EC0-301F-11D3-BF4B-00C04F79EFBC}") = "Digiphoto.Lumen.UI.Test", "Digiphotot.Lumen.UI.test\Digiphoto.Lumen.UI.Test.csproj", "{6BE93BCE-B38D-4C9B-9A1E-1DCA366E8FDE}"
EndProject
Project("{FAE04EC0-301F-11D3-BF4B-00C04F79EFBC}") = "Digiphoto.Lumen.OnRide.UI", "Digiphoto.Lumen.OnRide.UI\Digiphoto.Lumen.OnRide.UI.csproj", "{A8B5723A-A594-4648-B906-4D2EE2F5F196}"
EndProject
Project("{FAE04EC0-301F-11D3-BF4B-00C04F79EFBC}") = "Digiphoto.Lumen.OnRide.SimulaScatti", "Digiphoto.Lumen.OnRide.SimulaScatti\Digiphoto.Lumen.OnRide.SimulaScatti.csproj", "{83234F24-81DE-4090-A880-5A66ADBAA708}"
EndProject
Project("{FAE04EC0-301F-11D3-BF4B-00C04F79EFBC}") = "Digiphoto.Lumen.SelfService.WebUI", "Digiphoto.Lumen.SelfService.WebUI\Digiphoto.Lumen.SelfService.WebUI.csproj", "{F0D4D9E2-70AD-4E86-AEDD-E6D1810BB479}"
	ProjectSection(ProjectDependencies) = postProject
		{041DB5F1-C9BB-4152-BD4F-6FC23BFB4B38} = {041DB5F1-C9BB-4152-BD4F-6FC23BFB4B38}
	EndProjectSection
EndProject
Project("{FAE04EC0-301F-11D3-BF4B-00C04F79EFBC}") = "ProveCoreDacanc", "ProveCoreDacanc\ProveCoreDacanc.csproj", "{A83B859D-96A1-4B6C-8E5A-894471A45DFE}"
EndProject
Global
	GlobalSection(SolutionConfigurationPlatforms) = preSolution
		Debug|Any CPU = Debug|Any CPU
		Release|Any CPU = Release|Any CPU
	EndGlobalSection
	GlobalSection(ProjectConfigurationPlatforms) = postSolution
		{34477397-B3B8-4DD1-8418-D7E9EED4D006}.Debug|Any CPU.ActiveCfg = Debug|Any CPU
		{34477397-B3B8-4DD1-8418-D7E9EED4D006}.Debug|Any CPU.Build.0 = Debug|Any CPU
		{34477397-B3B8-4DD1-8418-D7E9EED4D006}.Release|Any CPU.ActiveCfg = Release|Any CPU
		{34477397-B3B8-4DD1-8418-D7E9EED4D006}.Release|Any CPU.Build.0 = Release|Any CPU
		{83D8301E-7999-4179-962C-1BFA507F5396}.Debug|Any CPU.ActiveCfg = Debug|Any CPU
		{83D8301E-7999-4179-962C-1BFA507F5396}.Debug|Any CPU.Build.0 = Debug|Any CPU
		{83D8301E-7999-4179-962C-1BFA507F5396}.Release|Any CPU.ActiveCfg = Release|Any CPU
		{83D8301E-7999-4179-962C-1BFA507F5396}.Release|Any CPU.Build.0 = Release|Any CPU
		{731A5262-29DE-4F73-8F25-4AFA78089902}.Debug|Any CPU.ActiveCfg = Debug|Any CPU
		{731A5262-29DE-4F73-8F25-4AFA78089902}.Debug|Any CPU.Build.0 = Debug|Any CPU
		{731A5262-29DE-4F73-8F25-4AFA78089902}.Release|Any CPU.ActiveCfg = Release|Any CPU
		{731A5262-29DE-4F73-8F25-4AFA78089902}.Release|Any CPU.Build.0 = Release|Any CPU
		{729E44CF-7A81-4CE1-8263-3F618D548678}.Debug|Any CPU.ActiveCfg = Debug|Any CPU
		{729E44CF-7A81-4CE1-8263-3F618D548678}.Debug|Any CPU.Build.0 = Debug|Any CPU
		{729E44CF-7A81-4CE1-8263-3F618D548678}.Release|Any CPU.ActiveCfg = Release|Any CPU
		{729E44CF-7A81-4CE1-8263-3F618D548678}.Release|Any CPU.Build.0 = Release|Any CPU
		{3EC29A25-FD9D-4593-BA20-60A9F7917E50}.Debug|Any CPU.ActiveCfg = Debug|Any CPU
		{3EC29A25-FD9D-4593-BA20-60A9F7917E50}.Debug|Any CPU.Build.0 = Debug|Any CPU
		{3EC29A25-FD9D-4593-BA20-60A9F7917E50}.Release|Any CPU.ActiveCfg = Release|Any CPU
		{3EC29A25-FD9D-4593-BA20-60A9F7917E50}.Release|Any CPU.Build.0 = Release|Any CPU
		{64346397-C42E-4E50-A927-2DEAEC82B073}.Debug|Any CPU.ActiveCfg = Debug|Any CPU
		{64346397-C42E-4E50-A927-2DEAEC82B073}.Debug|Any CPU.Build.0 = Debug|Any CPU
		{64346397-C42E-4E50-A927-2DEAEC82B073}.Release|Any CPU.ActiveCfg = Release|Any CPU
		{64346397-C42E-4E50-A927-2DEAEC82B073}.Release|Any CPU.Build.0 = Release|Any CPU
		{041DB5F1-C9BB-4152-BD4F-6FC23BFB4B38}.Debug|Any CPU.ActiveCfg = Debug|Any CPU
		{041DB5F1-C9BB-4152-BD4F-6FC23BFB4B38}.Debug|Any CPU.Build.0 = Debug|Any CPU
		{041DB5F1-C9BB-4152-BD4F-6FC23BFB4B38}.Release|Any CPU.ActiveCfg = Release|Any CPU
		{041DB5F1-C9BB-4152-BD4F-6FC23BFB4B38}.Release|Any CPU.Build.0 = Release|Any CPU
		{2C41FA59-6C97-48A2-A5EF-BBE711B92456}.Debug|Any CPU.ActiveCfg = Debug|Any CPU
		{2C41FA59-6C97-48A2-A5EF-BBE711B92456}.Debug|Any CPU.Build.0 = Debug|Any CPU
		{2C41FA59-6C97-48A2-A5EF-BBE711B92456}.Release|Any CPU.ActiveCfg = Release|Any CPU
		{2C41FA59-6C97-48A2-A5EF-BBE711B92456}.Release|Any CPU.Build.0 = Release|Any CPU
		{1A69FF97-734B-4BFF-9ED0-926362C1C48B}.Debug|Any CPU.ActiveCfg = Debug|Any CPU
		{1A69FF97-734B-4BFF-9ED0-926362C1C48B}.Debug|Any CPU.Build.0 = Debug|Any CPU
		{1A69FF97-734B-4BFF-9ED0-926362C1C48B}.Release|Any CPU.ActiveCfg = Release|Any CPU
		{1A69FF97-734B-4BFF-9ED0-926362C1C48B}.Release|Any CPU.Build.0 = Release|Any CPU
		{8803E78F-A9AD-479C-9316-463E7218334D}.Debug|Any CPU.ActiveCfg = Debug|Any CPU
		{8803E78F-A9AD-479C-9316-463E7218334D}.Debug|Any CPU.Build.0 = Debug|Any CPU
		{8803E78F-A9AD-479C-9316-463E7218334D}.Release|Any CPU.ActiveCfg = Release|Any CPU
		{8803E78F-A9AD-479C-9316-463E7218334D}.Release|Any CPU.Build.0 = Release|Any CPU
		{6BE93BCE-B38D-4C9B-9A1E-1DCA366E8FDE}.Debug|Any CPU.ActiveCfg = Debug|Any CPU
		{6BE93BCE-B38D-4C9B-9A1E-1DCA366E8FDE}.Debug|Any CPU.Build.0 = Debug|Any CPU
		{6BE93BCE-B38D-4C9B-9A1E-1DCA366E8FDE}.Release|Any CPU.ActiveCfg = Release|Any CPU
		{6BE93BCE-B38D-4C9B-9A1E-1DCA366E8FDE}.Release|Any CPU.Build.0 = Release|Any CPU
		{A8B5723A-A594-4648-B906-4D2EE2F5F196}.Debug|Any CPU.ActiveCfg = Debug|Any CPU
		{A8B5723A-A594-4648-B906-4D2EE2F5F196}.Debug|Any CPU.Build.0 = Debug|Any CPU
		{A8B5723A-A594-4648-B906-4D2EE2F5F196}.Release|Any CPU.ActiveCfg = Release|Any CPU
		{A8B5723A-A594-4648-B906-4D2EE2F5F196}.Release|Any CPU.Build.0 = Release|Any CPU
		{83234F24-81DE-4090-A880-5A66ADBAA708}.Debug|Any CPU.ActiveCfg = Debug|Any CPU
		{83234F24-81DE-4090-A880-5A66ADBAA708}.Debug|Any CPU.Build.0 = Debug|Any CPU
		{83234F24-81DE-4090-A880-5A66ADBAA708}.Release|Any CPU.ActiveCfg = Release|Any CPU
		{83234F24-81DE-4090-A880-5A66ADBAA708}.Release|Any CPU.Build.0 = Release|Any CPU
		{F0D4D9E2-70AD-4E86-AEDD-E6D1810BB479}.Debug|Any CPU.ActiveCfg = Debug|Any CPU
		{F0D4D9E2-70AD-4E86-AEDD-E6D1810BB479}.Debug|Any CPU.Build.0 = Debug|Any CPU
		{F0D4D9E2-70AD-4E86-AEDD-E6D1810BB479}.Release|Any CPU.ActiveCfg = Release|Any CPU
		{F0D4D9E2-70AD-4E86-AEDD-E6D1810BB479}.Release|Any CPU.Build.0 = Release|Any CPU
		{A83B859D-96A1-4B6C-8E5A-894471A45DFE}.Debug|Any CPU.ActiveCfg = Debug|Any CPU
		{A83B859D-96A1-4B6C-8E5A-894471A45DFE}.Debug|Any CPU.Build.0 = Debug|Any CPU
		{A83B859D-96A1-4B6C-8E5A-894471A45DFE}.Release|Any CPU.ActiveCfg = Release|Any CPU
		{A83B859D-96A1-4B6C-8E5A-894471A45DFE}.Release|Any CPU.Build.0 = Release|Any CPU
	EndGlobalSection
	GlobalSection(SolutionProperties) = preSolution
		HideSolutionNode = FALSE
	EndGlobalSection
	GlobalSection(ExtensibilityGlobals) = postSolution
		SolutionGuid = {1497D90D-31AE-4BE8-829F-7569FFF1FB73}
	EndGlobalSection
	GlobalSection(TestCaseManagementSettings) = postSolution
		CategoryFile = Lumen.vsmdi
	EndGlobalSection
EndGlobal
